// !$*UTF8*$!
{
	archiveVersion = 1;
	classes = {
	};
	objectVersion = 46;
	objects = {

/* Begin PBXAggregateTarget section */
		0908BA5819BE369D00F9D5F8 /* Documentation */ = {
			isa = PBXAggregateTarget;
			buildConfigurationList = 0908BA5919BE369D00F9D5F8 /* Build configuration list for PBXAggregateTarget "Documentation" */;
			buildPhases = (
				0908BA5C19BE36A200F9D5F8 /* appledoc */,
			);
			dependencies = (
			);
			name = Documentation;
			productName = Documentation;
		};
/* End PBXAggregateTarget section */

/* Begin PBXBuildFile section */
		0908BA5E19C0B99700F9D5F8 /* SWSoftKeyboardProtocols.h in Headers */ = {isa = PBXBuildFile; fileRef = 0908BA5D19C0B99700F9D5F8 /* SWSoftKeyboardProtocols.h */; };
		0908BA6119C0C36200F9D5F8 /* SWSoftKeyboardLayoutHelper.h in Headers */ = {isa = PBXBuildFile; fileRef = 0908BA5F19C0C36200F9D5F8 /* SWSoftKeyboardLayoutHelper.h */; };
		0908BA6219C0C36200F9D5F8 /* SWSoftKeyboardLayoutHelper.m in Sources */ = {isa = PBXBuildFile; fileRef = 0908BA6019C0C36200F9D5F8 /* SWSoftKeyboardLayoutHelper.m */; };
		0908BA6919C0E40A00F9D5F8 /* SWTextField.h in Headers */ = {isa = PBXBuildFile; fileRef = 0908BA6719C0E40A00F9D5F8 /* SWTextField.h */; };
		0908BA6A19C0E40A00F9D5F8 /* SWTextField.m in Sources */ = {isa = PBXBuildFile; fileRef = 0908BA6819C0E40A00F9D5F8 /* SWTextField.m */; };
		093ADAAC19BE2D44005AADB0 /* Cocoa.framework in Frameworks */ = {isa = PBXBuildFile; fileRef = 093ADAAB19BE2D44005AADB0 /* Cocoa.framework */; };
		093ADAB619BE2D44005AADB0 /* InfoPlist.strings in Resources */ = {isa = PBXBuildFile; fileRef = 093ADAB419BE2D44005AADB0 /* InfoPlist.strings */; };
		093ADABA19BE2D44005AADB0 /* SWSoftKeyboard.m in Sources */ = {isa = PBXBuildFile; fileRef = 093ADAB919BE2D44005AADB0 /* SWSoftKeyboard.m */; };
		093ADAC119BE2D44005AADB0 /* XCTest.framework in Frameworks */ = {isa = PBXBuildFile; fileRef = 093ADAC019BE2D44005AADB0 /* XCTest.framework */; };
		093ADAC219BE2D44005AADB0 /* Cocoa.framework in Frameworks */ = {isa = PBXBuildFile; fileRef = 093ADAAB19BE2D44005AADB0 /* Cocoa.framework */; };
		093ADAC519BE2D44005AADB0 /* SWSoftKeyboard.framework in Frameworks */ = {isa = PBXBuildFile; fileRef = 093ADAA819BE2D44005AADB0 /* SWSoftKeyboard.framework */; };
		093ADACB19BE2D44005AADB0 /* InfoPlist.strings in Resources */ = {isa = PBXBuildFile; fileRef = 093ADAC919BE2D44005AADB0 /* InfoPlist.strings */; };
		093ADACD19BE2D44005AADB0 /* SWSoftKeyboardTests.m in Sources */ = {isa = PBXBuildFile; fileRef = 093ADACC19BE2D44005AADB0 /* SWSoftKeyboardTests.m */; };
		0967784819BE2E0400220916 /* SWSoftKeyboardEmailAddressLayout.h in Headers */ = {isa = PBXBuildFile; fileRef = 0967784019BE2E0400220916 /* SWSoftKeyboardEmailAddressLayout.h */; };
		0967784919BE2E0400220916 /* SWSoftKeyboardEmailAddressLayout.m in Sources */ = {isa = PBXBuildFile; fileRef = 0967784119BE2E0400220916 /* SWSoftKeyboardEmailAddressLayout.m */; };
		0967784E19BE2E0400220916 /* SWSoftKeyboardKeyCell.h in Headers */ = {isa = PBXBuildFile; fileRef = 0967784619BE2E0400220916 /* SWSoftKeyboardKeyCell.h */; };
		0967784F19BE2E0400220916 /* SWSoftKeyboardKeyCell.m in Sources */ = {isa = PBXBuildFile; fileRef = 0967784719BE2E0400220916 /* SWSoftKeyboardKeyCell.m */; };
		09CCEC8F1A3683A700C4A807 /* SWSoftKeyboardLayout.h in Headers */ = {isa = PBXBuildFile; fileRef = 09CCEC8D1A3683A700C4A807 /* SWSoftKeyboardLayout.h */; };
		09CCEC901A3683A700C4A807 /* SWSoftKeyboardLayout.m in Sources */ = {isa = PBXBuildFile; fileRef = 09CCEC8E1A3683A700C4A807 /* SWSoftKeyboardLayout.m */; };
/* End PBXBuildFile section */

/* Begin PBXContainerItemProxy section */
		093ADAC319BE2D44005AADB0 /* PBXContainerItemProxy */ = {
			isa = PBXContainerItemProxy;
			containerPortal = 093ADA9F19BE2D44005AADB0 /* Project object */;
			proxyType = 1;
			remoteGlobalIDString = 093ADAA719BE2D44005AADB0;
			remoteInfo = SWSoftKeyboard;
		};
/* End PBXContainerItemProxy section */

/* Begin PBXFileReference section */
		0908BA5D19C0B99700F9D5F8 /* SWSoftKeyboardProtocols.h */ = {isa = PBXFileReference; fileEncoding = 4; lastKnownFileType = sourcecode.c.h; path = SWSoftKeyboardProtocols.h; sourceTree = "<group>"; };
		0908BA5F19C0C36200F9D5F8 /* SWSoftKeyboardLayoutHelper.h */ = {isa = PBXFileReference; fileEncoding = 4; lastKnownFileType = sourcecode.c.h; path = SWSoftKeyboardLayoutHelper.h; sourceTree = "<group>"; };
		0908BA6019C0C36200F9D5F8 /* SWSoftKeyboardLayoutHelper.m */ = {isa = PBXFileReference; fileEncoding = 4; lastKnownFileType = sourcecode.c.objc; path = SWSoftKeyboardLayoutHelper.m; sourceTree = "<group>"; };
		0908BA6719C0E40A00F9D5F8 /* SWTextField.h */ = {isa = PBXFileReference; fileEncoding = 4; lastKnownFileType = sourcecode.c.h; path = SWTextField.h; sourceTree = "<group>"; };
		0908BA6819C0E40A00F9D5F8 /* SWTextField.m */ = {isa = PBXFileReference; fileEncoding = 4; lastKnownFileType = sourcecode.c.objc; path = SWTextField.m; sourceTree = "<group>"; };
		093ADAA819BE2D44005AADB0 /* SWSoftKeyboard.framework */ = {isa = PBXFileReference; explicitFileType = wrapper.framework; includeInIndex = 0; path = SWSoftKeyboard.framework; sourceTree = BUILT_PRODUCTS_DIR; };
		093ADAAB19BE2D44005AADB0 /* Cocoa.framework */ = {isa = PBXFileReference; lastKnownFileType = wrapper.framework; name = Cocoa.framework; path = System/Library/Frameworks/Cocoa.framework; sourceTree = SDKROOT; };
		093ADAAE19BE2D44005AADB0 /* Foundation.framework */ = {isa = PBXFileReference; lastKnownFileType = wrapper.framework; name = Foundation.framework; path = System/Library/Frameworks/Foundation.framework; sourceTree = SDKROOT; };
		093ADAAF19BE2D44005AADB0 /* CoreData.framework */ = {isa = PBXFileReference; lastKnownFileType = wrapper.framework; name = CoreData.framework; path = System/Library/Frameworks/CoreData.framework; sourceTree = SDKROOT; };
		093ADAB019BE2D44005AADB0 /* AppKit.framework */ = {isa = PBXFileReference; lastKnownFileType = wrapper.framework; name = AppKit.framework; path = System/Library/Frameworks/AppKit.framework; sourceTree = SDKROOT; };
		093ADAB319BE2D44005AADB0 /* SWSoftKeyboard-Info.plist */ = {isa = PBXFileReference; lastKnownFileType = text.plist.xml; path = "SWSoftKeyboard-Info.plist"; sourceTree = "<group>"; };
		093ADAB519BE2D44005AADB0 /* en */ = {isa = PBXFileReference; lastKnownFileType = text.plist.strings; name = en; path = en.lproj/InfoPlist.strings; sourceTree = "<group>"; };
		093ADAB719BE2D44005AADB0 /* SWSoftKeyboard-Prefix.pch */ = {isa = PBXFileReference; lastKnownFileType = sourcecode.c.h; path = "SWSoftKeyboard-Prefix.pch"; sourceTree = "<group>"; };
		093ADAB819BE2D44005AADB0 /* SWSoftKeyboard.h */ = {isa = PBXFileReference; lastKnownFileType = sourcecode.c.h; path = SWSoftKeyboard.h; sourceTree = "<group>"; };
		093ADAB919BE2D44005AADB0 /* SWSoftKeyboard.m */ = {isa = PBXFileReference; lastKnownFileType = sourcecode.c.objc; path = SWSoftKeyboard.m; sourceTree = "<group>"; };
		093ADABF19BE2D44005AADB0 /* SWSoftKeyboardTests.xctest */ = {isa = PBXFileReference; explicitFileType = wrapper.cfbundle; includeInIndex = 0; path = SWSoftKeyboardTests.xctest; sourceTree = BUILT_PRODUCTS_DIR; };
		093ADAC019BE2D44005AADB0 /* XCTest.framework */ = {isa = PBXFileReference; lastKnownFileType = wrapper.framework; name = XCTest.framework; path = Library/Frameworks/XCTest.framework; sourceTree = DEVELOPER_DIR; };
		093ADAC819BE2D44005AADB0 /* SWSoftKeyboardTests-Info.plist */ = {isa = PBXFileReference; lastKnownFileType = text.plist.xml; path = "SWSoftKeyboardTests-Info.plist"; sourceTree = "<group>"; };
		093ADACA19BE2D44005AADB0 /* en */ = {isa = PBXFileReference; lastKnownFileType = text.plist.strings; name = en; path = en.lproj/InfoPlist.strings; sourceTree = "<group>"; };
		093ADACC19BE2D44005AADB0 /* SWSoftKeyboardTests.m */ = {isa = PBXFileReference; lastKnownFileType = sourcecode.c.objc; path = SWSoftKeyboardTests.m; sourceTree = "<group>"; };
		0967784019BE2E0400220916 /* SWSoftKeyboardEmailAddressLayout.h */ = {isa = PBXFileReference; fileEncoding = 4; lastKnownFileType = sourcecode.c.h; path = SWSoftKeyboardEmailAddressLayout.h; sourceTree = "<group>"; };
		0967784119BE2E0400220916 /* SWSoftKeyboardEmailAddressLayout.m */ = {isa = PBXFileReference; fileEncoding = 4; lastKnownFileType = sourcecode.c.objc; path = SWSoftKeyboardEmailAddressLayout.m; sourceTree = "<group>"; };
		0967784619BE2E0400220916 /* SWSoftKeyboardKeyCell.h */ = {isa = PBXFileReference; fileEncoding = 4; lastKnownFileType = sourcecode.c.h; path = SWSoftKeyboardKeyCell.h; sourceTree = "<group>"; };
		0967784719BE2E0400220916 /* SWSoftKeyboardKeyCell.m */ = {isa = PBXFileReference; fileEncoding = 4; lastKnownFileType = sourcecode.c.objc; path = SWSoftKeyboardKeyCell.m; sourceTree = "<group>"; };
		09CCEC8D1A3683A700C4A807 /* SWSoftKeyboardLayout.h */ = {isa = PBXFileReference; fileEncoding = 4; lastKnownFileType = sourcecode.c.h; path = SWSoftKeyboardLayout.h; sourceTree = "<group>"; };
		09CCEC8E1A3683A700C4A807 /* SWSoftKeyboardLayout.m */ = {isa = PBXFileReference; fileEncoding = 4; lastKnownFileType = sourcecode.c.objc; path = SWSoftKeyboardLayout.m; sourceTree = "<group>"; };
/* End PBXFileReference section */

/* Begin PBXFrameworksBuildPhase section */
		093ADAA419BE2D44005AADB0 /* Frameworks */ = {
			isa = PBXFrameworksBuildPhase;
			buildActionMask = 2147483647;
			files = (
				093ADAAC19BE2D44005AADB0 /* Cocoa.framework in Frameworks */,
			);
			runOnlyForDeploymentPostprocessing = 0;
		};
		093ADABC19BE2D44005AADB0 /* Frameworks */ = {
			isa = PBXFrameworksBuildPhase;
			buildActionMask = 2147483647;
			files = (
				093ADAC519BE2D44005AADB0 /* SWSoftKeyboard.framework in Frameworks */,
				093ADAC219BE2D44005AADB0 /* Cocoa.framework in Frameworks */,
				093ADAC119BE2D44005AADB0 /* XCTest.framework in Frameworks */,
			);
			runOnlyForDeploymentPostprocessing = 0;
		};
/* End PBXFrameworksBuildPhase section */

/* Begin PBXGroup section */
		093ADA9E19BE2D44005AADB0 = {
			isa = PBXGroup;
			children = (
				093ADAB119BE2D44005AADB0 /* SWSoftKeyboard */,
				093ADAC619BE2D44005AADB0 /* SWSoftKeyboardTests */,
				093ADAAA19BE2D44005AADB0 /* Frameworks */,
				093ADAA919BE2D44005AADB0 /* Products */,
			);
			sourceTree = "<group>";
		};
		093ADAA919BE2D44005AADB0 /* Products */ = {
			isa = PBXGroup;
			children = (
				093ADAA819BE2D44005AADB0 /* SWSoftKeyboard.framework */,
				093ADABF19BE2D44005AADB0 /* SWSoftKeyboardTests.xctest */,
			);
			name = Products;
			sourceTree = "<group>";
		};
		093ADAAA19BE2D44005AADB0 /* Frameworks */ = {
			isa = PBXGroup;
			children = (
				093ADAAB19BE2D44005AADB0 /* Cocoa.framework */,
				093ADAC019BE2D44005AADB0 /* XCTest.framework */,
				093ADAAD19BE2D44005AADB0 /* Other Frameworks */,
			);
			name = Frameworks;
			sourceTree = "<group>";
		};
		093ADAAD19BE2D44005AADB0 /* Other Frameworks */ = {
			isa = PBXGroup;
			children = (
				093ADAAE19BE2D44005AADB0 /* Foundation.framework */,
				093ADAAF19BE2D44005AADB0 /* CoreData.framework */,
				093ADAB019BE2D44005AADB0 /* AppKit.framework */,
			);
			name = "Other Frameworks";
			sourceTree = "<group>";
		};
		093ADAB119BE2D44005AADB0 /* SWSoftKeyboard */ = {
			isa = PBXGroup;
			children = (
				093ADAB819BE2D44005AADB0 /* SWSoftKeyboard.h */,
				093ADAB919BE2D44005AADB0 /* SWSoftKeyboard.m */,
				0967784619BE2E0400220916 /* SWSoftKeyboardKeyCell.h */,
				0967784719BE2E0400220916 /* SWSoftKeyboardKeyCell.m */,
				0967784019BE2E0400220916 /* SWSoftKeyboardEmailAddressLayout.h */,
				0967784119BE2E0400220916 /* SWSoftKeyboardEmailAddressLayout.m */,
				093ADAB219BE2D44005AADB0 /* Supporting Files */,
				0908BA5D19C0B99700F9D5F8 /* SWSoftKeyboardProtocols.h */,
				09CCEC8D1A3683A700C4A807 /* SWSoftKeyboardLayout.h */,
				09CCEC8E1A3683A700C4A807 /* SWSoftKeyboardLayout.m */,
				0908BA5F19C0C36200F9D5F8 /* SWSoftKeyboardLayoutHelper.h */,
				0908BA6019C0C36200F9D5F8 /* SWSoftKeyboardLayoutHelper.m */,
				0908BA6719C0E40A00F9D5F8 /* SWTextField.h */,
				0908BA6819C0E40A00F9D5F8 /* SWTextField.m */,
			);
			path = SWSoftKeyboard;
			sourceTree = "<group>";
		};
		093ADAB219BE2D44005AADB0 /* Supporting Files */ = {
			isa = PBXGroup;
			children = (
				093ADAB319BE2D44005AADB0 /* SWSoftKeyboard-Info.plist */,
				093ADAB419BE2D44005AADB0 /* InfoPlist.strings */,
				093ADAB719BE2D44005AADB0 /* SWSoftKeyboard-Prefix.pch */,
			);
			name = "Supporting Files";
			sourceTree = "<group>";
		};
		093ADAC619BE2D44005AADB0 /* SWSoftKeyboardTests */ = {
			isa = PBXGroup;
			children = (
				093ADACC19BE2D44005AADB0 /* SWSoftKeyboardTests.m */,
				093ADAC719BE2D44005AADB0 /* Supporting Files */,
			);
			path = SWSoftKeyboardTests;
			sourceTree = "<group>";
		};
		093ADAC719BE2D44005AADB0 /* Supporting Files */ = {
			isa = PBXGroup;
			children = (
				093ADAC819BE2D44005AADB0 /* SWSoftKeyboardTests-Info.plist */,
				093ADAC919BE2D44005AADB0 /* InfoPlist.strings */,
			);
			name = "Supporting Files";
			sourceTree = "<group>";
		};
/* End PBXGroup section */

/* Begin PBXHeadersBuildPhase section */
		093ADAA519BE2D44005AADB0 /* Headers */ = {
			isa = PBXHeadersBuildPhase;
			buildActionMask = 2147483647;
			files = (
				0908BA6919C0E40A00F9D5F8 /* SWTextField.h in Headers */,
				09CCEC8F1A3683A700C4A807 /* SWSoftKeyboardLayout.h in Headers */,
				0967784E19BE2E0400220916 /* SWSoftKeyboardKeyCell.h in Headers */,
				0967784819BE2E0400220916 /* SWSoftKeyboardEmailAddressLayout.h in Headers */,
				0908BA6119C0C36200F9D5F8 /* SWSoftKeyboardLayoutHelper.h in Headers */,
				0908BA5E19C0B99700F9D5F8 /* SWSoftKeyboardProtocols.h in Headers */,
			);
			runOnlyForDeploymentPostprocessing = 0;
		};
/* End PBXHeadersBuildPhase section */

/* Begin PBXNativeTarget section */
		093ADAA719BE2D44005AADB0 /* SWSoftKeyboard */ = {
			isa = PBXNativeTarget;
			buildConfigurationList = 093ADAD019BE2D44005AADB0 /* Build configuration list for PBXNativeTarget "SWSoftKeyboard" */;
			buildPhases = (
				093ADAA319BE2D44005AADB0 /* Sources */,
				093ADAA419BE2D44005AADB0 /* Frameworks */,
				093ADAA519BE2D44005AADB0 /* Headers */,
				093ADAA619BE2D44005AADB0 /* Resources */,
			);
			buildRules = (
			);
			dependencies = (
			);
			name = SWSoftKeyboard;
			productName = SWSoftKeyboard;
			productReference = 093ADAA819BE2D44005AADB0 /* SWSoftKeyboard.framework */;
			productType = "com.apple.product-type.framework";
		};
		093ADABE19BE2D44005AADB0 /* SWSoftKeyboardTests */ = {
			isa = PBXNativeTarget;
			buildConfigurationList = 093ADAD319BE2D44005AADB0 /* Build configuration list for PBXNativeTarget "SWSoftKeyboardTests" */;
			buildPhases = (
				093ADABB19BE2D44005AADB0 /* Sources */,
				093ADABC19BE2D44005AADB0 /* Frameworks */,
				093ADABD19BE2D44005AADB0 /* Resources */,
			);
			buildRules = (
			);
			dependencies = (
				093ADAC419BE2D44005AADB0 /* PBXTargetDependency */,
			);
			name = SWSoftKeyboardTests;
			productName = SWSoftKeyboardTests;
			productReference = 093ADABF19BE2D44005AADB0 /* SWSoftKeyboardTests.xctest */;
			productType = "com.apple.product-type.bundle.unit-test";
		};
/* End PBXNativeTarget section */

/* Begin PBXProject section */
		093ADA9F19BE2D44005AADB0 /* Project object */ = {
			isa = PBXProject;
			attributes = {
				LastUpgradeCheck = 0510;
				ORGANIZATIONNAME = "Spencer Williams";
				TargetAttributes = {
					0908BA5819BE369D00F9D5F8 = {
						CreatedOnToolsVersion = 6.0;
					};
					093ADABE19BE2D44005AADB0 = {
						TestTargetID = 093ADAA719BE2D44005AADB0;
					};
				};
			};
			buildConfigurationList = 093ADAA219BE2D44005AADB0 /* Build configuration list for PBXProject "SWSoftKeyboard" */;
			compatibilityVersion = "Xcode 3.2";
			developmentRegion = English;
			hasScannedForEncodings = 0;
			knownRegions = (
				en,
			);
			mainGroup = 093ADA9E19BE2D44005AADB0;
			productRefGroup = 093ADAA919BE2D44005AADB0 /* Products */;
			projectDirPath = "";
			projectRoot = "";
			targets = (
				093ADAA719BE2D44005AADB0 /* SWSoftKeyboard */,
				093ADABE19BE2D44005AADB0 /* SWSoftKeyboardTests */,
				0908BA5819BE369D00F9D5F8 /* Documentation */,
			);
		};
/* End PBXProject section */

/* Begin PBXResourcesBuildPhase section */
		093ADAA619BE2D44005AADB0 /* Resources */ = {
			isa = PBXResourcesBuildPhase;
			buildActionMask = 2147483647;
			files = (
				093ADAB619BE2D44005AADB0 /* InfoPlist.strings in Resources */,
			);
			runOnlyForDeploymentPostprocessing = 0;
		};
		093ADABD19BE2D44005AADB0 /* Resources */ = {
			isa = PBXResourcesBuildPhase;
			buildActionMask = 2147483647;
			files = (
				093ADACB19BE2D44005AADB0 /* InfoPlist.strings in Resources */,
			);
			runOnlyForDeploymentPostprocessing = 0;
		};
/* End PBXResourcesBuildPhase section */

/* Begin PBXShellScriptBuildPhase section */
		0908BA5C19BE36A200F9D5F8 /* appledoc */ = {
			isa = PBXShellScriptBuildPhase;
			buildActionMask = 2147483647;
			files = (
			);
			inputPaths = (
			);
			name = appledoc;
			outputPaths = (
			);
			runOnlyForDeploymentPostprocessing = 0;
			shellPath = /bin/sh;
			shellScript = "/usr/local/bin/appledoc \\\n    --project-name SWSoftKeyboard \\\n    --project-company Spencer\\ Williams \\\n    --company-id com.spilliams \\\n    --logformat xcode \\\n    --verbose 6 \\\n    --keep-undocumented-objects \\\n    --keep-undocumented-members \\\n    --keep-intermediate-files \\\n    --no-repeat-first-par \\\n    --no-warn-invalid-crossref \\\n    --docset-copyright \"This is free and unencumbered software released into the public domain.\" \\\n    --ignore .m \\\n    --ignore \"${PROJECT_DIR}/Documentation\" \\\n    --ignore \"${PROJECT_DIR}/Demos\" \\\n    --output \"${PROJECT_DIR}/Documentation\" \\\n    \"${PROJECT_DIR}\"";
		};
/* End PBXShellScriptBuildPhase section */

/* Begin PBXSourcesBuildPhase section */
		093ADAA319BE2D44005AADB0 /* Sources */ = {
			isa = PBXSourcesBuildPhase;
			buildActionMask = 2147483647;
			files = (
				0967784F19BE2E0400220916 /* SWSoftKeyboardKeyCell.m in Sources */,
				0967784919BE2E0400220916 /* SWSoftKeyboardEmailAddressLayout.m in Sources */,
				09CCEC901A3683A700C4A807 /* SWSoftKeyboardLayout.m in Sources */,
				093ADABA19BE2D44005AADB0 /* SWSoftKeyboard.m in Sources */,
				0908BA6A19C0E40A00F9D5F8 /* SWTextField.m in Sources */,
				0908BA6219C0C36200F9D5F8 /* SWSoftKeyboardLayoutHelper.m in Sources */,
			);
			runOnlyForDeploymentPostprocessing = 0;
		};
		093ADABB19BE2D44005AADB0 /* Sources */ = {
			isa = PBXSourcesBuildPhase;
			buildActionMask = 2147483647;
			files = (
				093ADACD19BE2D44005AADB0 /* SWSoftKeyboardTests.m in Sources */,
			);
			runOnlyForDeploymentPostprocessing = 0;
		};
/* End PBXSourcesBuildPhase section */

/* Begin PBXTargetDependency section */
		093ADAC419BE2D44005AADB0 /* PBXTargetDependency */ = {
			isa = PBXTargetDependency;
			target = 093ADAA719BE2D44005AADB0 /* SWSoftKeyboard */;
			targetProxy = 093ADAC319BE2D44005AADB0 /* PBXContainerItemProxy */;
		};
/* End PBXTargetDependency section */

/* Begin PBXVariantGroup section */
		093ADAB419BE2D44005AADB0 /* InfoPlist.strings */ = {
			isa = PBXVariantGroup;
			children = (
				093ADAB519BE2D44005AADB0 /* en */,
			);
			name = InfoPlist.strings;
			sourceTree = "<group>";
		};
		093ADAC919BE2D44005AADB0 /* InfoPlist.strings */ = {
			isa = PBXVariantGroup;
			children = (
				093ADACA19BE2D44005AADB0 /* en */,
			);
			name = InfoPlist.strings;
			sourceTree = "<group>";
		};
/* End PBXVariantGroup section */

/* Begin XCBuildConfiguration section */
		0908BA5A19BE369D00F9D5F8 /* Debug */ = {
			isa = XCBuildConfiguration;
			buildSettings = {
				PRODUCT_NAME = "$(TARGET_NAME)";
			};
			name = Debug;
		};
		0908BA5B19BE369D00F9D5F8 /* Release */ = {
			isa = XCBuildConfiguration;
			buildSettings = {
				PRODUCT_NAME = "$(TARGET_NAME)";
			};
			name = Release;
		};
		093ADACE19BE2D44005AADB0 /* Debug */ = {
			isa = XCBuildConfiguration;
			buildSettings = {
				ALWAYS_SEARCH_USER_PATHS = NO;
				CLANG_CXX_LANGUAGE_STANDARD = "gnu++0x";
				CLANG_CXX_LIBRARY = "libc++";
				CLANG_ENABLE_MODULES = YES;
				CLANG_ENABLE_OBJC_ARC = YES;
				CLANG_WARN_BOOL_CONVERSION = YES;
				CLANG_WARN_CONSTANT_CONVERSION = YES;
				CLANG_WARN_DIRECT_OBJC_ISA_USAGE = YES_ERROR;
				CLANG_WARN_EMPTY_BODY = YES;
				CLANG_WARN_ENUM_CONVERSION = YES;
				CLANG_WARN_INT_CONVERSION = YES;
				CLANG_WARN_OBJC_ROOT_CLASS = YES_ERROR;
				CLANG_WARN__DUPLICATE_METHOD_MATCH = YES;
				COPY_PHASE_STRIP = NO;
				GCC_C_LANGUAGE_STANDARD = gnu99;
				GCC_DYNAMIC_NO_PIC = NO;
				GCC_ENABLE_OBJC_EXCEPTIONS = YES;
				GCC_OPTIMIZATION_LEVEL = 0;
				GCC_PREPROCESSOR_DEFINITIONS = (
					"DEBUG=1",
					"$(inherited)",
				);
				GCC_SYMBOLS_PRIVATE_EXTERN = NO;
				GCC_WARN_64_TO_32_BIT_CONVERSION = YES;
				GCC_WARN_ABOUT_RETURN_TYPE = YES_ERROR;
				GCC_WARN_UNDECLARED_SELECTOR = YES;
				GCC_WARN_UNINITIALIZED_AUTOS = YES_AGGRESSIVE;
				GCC_WARN_UNUSED_FUNCTION = YES;
				GCC_WARN_UNUSED_VARIABLE = YES;
				MACOSX_DEPLOYMENT_TARGET = 10.9;
				ONLY_ACTIVE_ARCH = YES;
				SDKROOT = macosx;
			};
			name = Debug;
		};
		093ADACF19BE2D44005AADB0 /* Release */ = {
			isa = XCBuildConfiguration;
			buildSettings = {
				ALWAYS_SEARCH_USER_PATHS = NO;
				CLANG_CXX_LANGUAGE_STANDARD = "gnu++0x";
				CLANG_CXX_LIBRARY = "libc++";
				CLANG_ENABLE_MODULES = YES;
				CLANG_ENABLE_OBJC_ARC = YES;
				CLANG_WARN_BOOL_CONVERSION = YES;
				CLANG_WARN_CONSTANT_CONVERSION = YES;
				CLANG_WARN_DIRECT_OBJC_ISA_USAGE = YES_ERROR;
				CLANG_WARN_EMPTY_BODY = YES;
				CLANG_WARN_ENUM_CONVERSION = YES;
				CLANG_WARN_INT_CONVERSION = YES;
				CLANG_WARN_OBJC_ROOT_CLASS = YES_ERROR;
				CLANG_WARN__DUPLICATE_METHOD_MATCH = YES;
				COPY_PHASE_STRIP = YES;
				DEBUG_INFORMATION_FORMAT = "dwarf-with-dsym";
				ENABLE_NS_ASSERTIONS = NO;
				GCC_C_LANGUAGE_STANDARD = gnu99;
				GCC_ENABLE_OBJC_EXCEPTIONS = YES;
				GCC_WARN_64_TO_32_BIT_CONVERSION = YES;
				GCC_WARN_ABOUT_RETURN_TYPE = YES_ERROR;
				GCC_WARN_UNDECLARED_SELECTOR = YES;
				GCC_WARN_UNINITIALIZED_AUTOS = YES_AGGRESSIVE;
				GCC_WARN_UNUSED_FUNCTION = YES;
				GCC_WARN_UNUSED_VARIABLE = YES;
				MACOSX_DEPLOYMENT_TARGET = 10.9;
				SDKROOT = macosx;
			};
			name = Release;
		};
		093ADAD119BE2D44005AADB0 /* Debug */ = {
			isa = XCBuildConfiguration;
			buildSettings = {
				COMBINE_HIDPI_IMAGES = YES;
				DYLIB_COMPATIBILITY_VERSION = 1;
				DYLIB_CURRENT_VERSION = 1;
				FRAMEWORK_VERSION = A;
				GCC_PRECOMPILE_PREFIX_HEADER = YES;
				GCC_PREFIX_HEADER = "SWSoftKeyboard/SWSoftKeyboard-Prefix.pch";
				INFOPLIST_FILE = "SWSoftKeyboard/SWSoftKeyboard-Info.plist";
				PRODUCT_NAME = "$(TARGET_NAME)";
				WRAPPER_EXTENSION = framework;
			};
			name = Debug;
		};
		093ADAD219BE2D44005AADB0 /* Release */ = {
			isa = XCBuildConfiguration;
			buildSettings = {
				COMBINE_HIDPI_IMAGES = YES;
				DYLIB_COMPATIBILITY_VERSION = 1;
				DYLIB_CURRENT_VERSION = 1;
				FRAMEWORK_VERSION = A;
				GCC_PRECOMPILE_PREFIX_HEADER = YES;
				GCC_PREFIX_HEADER = "SWSoftKeyboard/SWSoftKeyboard-Prefix.pch";
				INFOPLIST_FILE = "SWSoftKeyboard/SWSoftKeyboard-Info.plist";
				PRODUCT_NAME = "$(TARGET_NAME)";
				WRAPPER_EXTENSION = framework;
			};
			name = Release;
		};
		093ADAD419BE2D44005AADB0 /* Debug */ = {
			isa = XCBuildConfiguration;
			buildSettings = {
				BUNDLE_LOADER = "$(BUILT_PRODUCTS_DIR)/SWSoftKeyboard.framework/Versions/A/SWSoftKeyboard";
				COMBINE_HIDPI_IMAGES = YES;
				FRAMEWORK_SEARCH_PATHS = (
					"$(DEVELOPER_FRAMEWORKS_DIR)",
					"$(inherited)",
				);
				GCC_PRECOMPILE_PREFIX_HEADER = YES;
				GCC_PREFIX_HEADER = "SWSoftKeyboard/SWSoftKeyboard-Prefix.pch";
				GCC_PREPROCESSOR_DEFINITIONS = (
					"DEBUG=1",
					"$(inherited)",
				);
				INFOPLIST_FILE = "SWSoftKeyboardTests/SWSoftKeyboardTests-Info.plist";
				PRODUCT_NAME = "$(TARGET_NAME)";
				TEST_HOST = "$(BUNDLE_LOADER)";
				WRAPPER_EXTENSION = xctest;
			};
			name = Debug;
		};
		093ADAD519BE2D44005AADB0 /* Release */ = {
			isa = XCBuildConfiguration;
			buildSettings = {
				BUNDLE_LOADER = "$(BUILT_PRODUCTS_DIR)/SWSoftKeyboard.framework/Versions/A/SWSoftKeyboard";
				COMBINE_HIDPI_IMAGES = YES;
				FRAMEWORK_SEARCH_PATHS = (
					"$(DEVELOPER_FRAMEWORKS_DIR)",
					"$(inherited)",
				);
				GCC_PRECOMPILE_PREFIX_HEADER = YES;
				GCC_PREFIX_HEADER = "SWSoftKeyboard/SWSoftKeyboard-Prefix.pch";
				INFOPLIST_FILE = "SWSoftKeyboardTests/SWSoftKeyboardTests-Info.plist";
				PRODUCT_NAME = "$(TARGET_NAME)";
				TEST_HOST = "$(BUNDLE_LOADER)";
				WRAPPER_EXTENSION = xctest;
			};
			name = Release;
		};
/* End XCBuildConfiguration section */

/* Begin XCConfigurationList section */
		0908BA5919BE369D00F9D5F8 /* Build configuration list for PBXAggregateTarget "Documentation" */ = {
			isa = XCConfigurationList;
			buildConfigurations = (
				0908BA5A19BE369D00F9D5F8 /* Debug */,
				0908BA5B19BE369D00F9D5F8 /* Release */,
			);
			defaultConfigurationIsVisible = 0;
			defaultConfigurationName = Release;
		};
		093ADAA219BE2D44005AADB0 /* Build configuration list for PBXProject "SWSoftKeyboard" */ = {
			isa = XCConfigurationList;
			buildConfigurations = (
				093ADACE19BE2D44005AADB0 /* Debug */,
				093ADACF19BE2D44005AADB0 /* Release */,
			);
			defaultConfigurationIsVisible = 0;
			defaultConfigurationName = Release;
		};
		093ADAD019BE2D44005AADB0 /* Build configuration list for PBXNativeTarget "SWSoftKeyboard" */ = {
			isa = XCConfigurationList;
			buildConfigurations = (
				093ADAD119BE2D44005AADB0 /* Debug */,
				093ADAD219BE2D44005AADB0 /* Release */,
			);
			defaultConfigurationIsVisible = 0;
			defaultConfigurationName = Release;
		};
		093ADAD319BE2D44005AADB0 /* Build configuration list for PBXNativeTarget "SWSoftKeyboardTests" */ = {
			isa = XCConfigurationList;
			buildConfigurations = (
				093ADAD419BE2D44005AADB0 /* Debug */,
				093ADAD519BE2D44005AADB0 /* Release */,
			);
			defaultConfigurationIsVisible = 0;
			defaultConfigurationName = Release;
		};
/* End XCConfigurationList section */
	};
	rootObject = 093ADA9F19BE2D44005AADB0 /* Project object */;
}
